
Microsoft Visual Studio Solution File, Format Version 12.00
# Visual Studio Version 16
VisualStudioVersion = 16.0.29519.87
MinimumVisualStudioVersion = 10.0.40219.1
Project("{FAE04EC0-301F-11D3-BF4B-00C04F79EFBC}") = "BankingSystemLodder", "BankingSystemLodder\BankingSystemLodder.csproj", "{A50620B4-F619-4AC5-BB34-943A99913EFD}"
EndProject
Global
	GlobalSection(SolutionConfigurationPlatforms) = preSolution
		Debug|Any CPU = Debug|Any CPU
		Release|Any CPU = Release|Any CPU
	EndGlobalSection
	GlobalSection(ProjectConfigurationPlatforms) = postSolution
		{A50620B4-F619-4AC5-BB34-943A99913EFD}.Debug|Any CPU.ActiveCfg = Debug|Any CPU
		{A50620B4-F619-4AC5-BB34-943A99913EFD}.Debug|Any CPU.Build.0 = Debug|Any CPU
		{A50620B4-F619-4AC5-BB34-943A99913EFD}.Release|Any CPU.ActiveCfg = Release|Any CPU
		{A50620B4-F619-4AC5-BB34-943A99913EFD}.Release|Any CPU.Build.0 = Release|Any CPU
	EndGlobalSection
	GlobalSection(SolutionProperties) = preSolution
		HideSolutionNode = FALSE
	EndGlobalSection
	GlobalSection(ExtensibilityGlobals) = postSolution
		SolutionGuid = {CF54DAA4-7626-4C88-AE86-B3A628EEBF44}
	EndGlobalSection
EndGlobal
